
Microsoft Visual Studio Solution File, Format Version 12.00
# Visual Studio Version 17
VisualStudioVersion = 17.4.33213.308
MinimumVisualStudioVersion = 10.0.40219.1
Project("{FAE04EC0-301F-11D3-BF4B-00C04F79EFBC}") = "CI-Platform", "CI-Platform\CI-Platform.csproj", "{7F87D62A-D2D8-4275-B8FE-6B71FC859D4D}"
EndProject
Project("{FAE04EC0-301F-11D3-BF4B-00C04F79EFBC}") = "CI-Platform.Entities", "CI-Platform.Entities\CI-Platform.Entities.csproj", "{96B3BD48-C21F-4F0F-B8C2-616F3322AFB5}"
EndProject
Project("{FAE04EC0-301F-11D3-BF4B-00C04F79EFBC}") = "CI-Platform.Repository", "CI-Platform.Repository\CI-Platform.Repository.csproj", "{DC0A01AB-C870-4578-86C1-7A8E83C37A62}"
EndProject
Global
	GlobalSection(SolutionConfigurationPlatforms) = preSolution
		Debug|Any CPU = Debug|Any CPU
		Release|Any CPU = Release|Any CPU
	EndGlobalSection
	GlobalSection(ProjectConfigurationPlatforms) = postSolution
		{7F87D62A-D2D8-4275-B8FE-6B71FC859D4D}.Debug|Any CPU.ActiveCfg = Debug|Any CPU
		{7F87D62A-D2D8-4275-B8FE-6B71FC859D4D}.Debug|Any CPU.Build.0 = Debug|Any CPU
		{7F87D62A-D2D8-4275-B8FE-6B71FC859D4D}.Release|Any CPU.ActiveCfg = Release|Any CPU
		{7F87D62A-D2D8-4275-B8FE-6B71FC859D4D}.Release|Any CPU.Build.0 = Release|Any CPU
		{96B3BD48-C21F-4F0F-B8C2-616F3322AFB5}.Debug|Any CPU.ActiveCfg = Debug|Any CPU
		{96B3BD48-C21F-4F0F-B8C2-616F3322AFB5}.Debug|Any CPU.Build.0 = Debug|Any CPU
		{96B3BD48-C21F-4F0F-B8C2-616F3322AFB5}.Release|Any CPU.ActiveCfg = Release|Any CPU
		{96B3BD48-C21F-4F0F-B8C2-616F3322AFB5}.Release|Any CPU.Build.0 = Release|Any CPU
		{DC0A01AB-C870-4578-86C1-7A8E83C37A62}.Debug|Any CPU.ActiveCfg = Debug|Any CPU
		{DC0A01AB-C870-4578-86C1-7A8E83C37A62}.Debug|Any CPU.Build.0 = Debug|Any CPU
		{DC0A01AB-C870-4578-86C1-7A8E83C37A62}.Release|Any CPU.ActiveCfg = Release|Any CPU
		{DC0A01AB-C870-4578-86C1-7A8E83C37A62}.Release|Any CPU.Build.0 = Release|Any CPU
	EndGlobalSection
	GlobalSection(SolutionProperties) = preSolution
		HideSolutionNode = FALSE
	EndGlobalSection
	GlobalSection(ExtensibilityGlobals) = postSolution
		SolutionGuid = {7AAEDAEF-A834-46A9-8D41-D9E3EE7412F9}
	EndGlobalSection
EndGlobal
